{
  "version": 4,
  "terraform_version": "1.6.6",
  "serial": 12,
  "lineage": "b8f4f4f8-e3c1-3a1b-ecac-e0be69fb0887",
  "outputs": {},
  "resources": [
    {
      "mode": "data",
      "type": "aws_subnet",
      "name": "subnet_details",
      "provider": "provider[\"registry.terraform.io/hashicorp/aws\"]",
      "instances": [
        {
          "index_key": "subnet-042a4e978d4a89a07",
          "schema_version": 0,
          "attributes": {
            "arn": "arn:aws:ec2:us-east-1:862848730948:subnet/subnet-042a4e978d4a89a07",
            "assign_ipv6_address_on_creation": false,
            "availability_zone": "us-east-1e",
            "availability_zone_id": "use1-az3",
            "available_ip_address_count": 4091,
            "cidr_block": "172.31.48.0/20",
            "customer_owned_ipv4_pool": "",
            "default_for_az": true,
            "enable_dns64": false,
            "enable_lni_at_device_index": 0,
            "enable_resource_name_dns_a_record_on_launch": false,
            "enable_resource_name_dns_aaaa_record_on_launch": false,
            "filter": null,
            "id": "subnet-042a4e978d4a89a07",
            "ipv6_cidr_block": "",
            "ipv6_cidr_block_association_id": "",
            "ipv6_native": false,
            "map_customer_owned_ip_on_launch": false,
            "map_public_ip_on_launch": true,
            "outpost_arn": "",
            "owner_id": "862848730948",
            "private_dns_hostname_type_on_launch": "ip-name",
            "region": "us-east-1",
            "state": "available",
            "tags": {},
            "timeouts": null,
            "vpc_id": "vpc-03bb02b89d47a7571"
          },
          "sensitive_attributes": []
        },
        {
          "index_key": "subnet-072133be56d108565",
          "schema_version": 0,
          "attributes": {
            "arn": "arn:aws:ec2:us-east-1:862848730948:subnet/subnet-072133be56d108565",
            "assign_ipv6_address_on_creation": false,
            "availability_zone": "us-east-1a",
            "availability_zone_id": "use1-az4",
            "available_ip_address_count": 4091,
            "cidr_block": "172.31.16.0/20",
            "customer_owned_ipv4_pool": "",
            "default_for_az": true,
            "enable_dns64": false,
            "enable_lni_at_device_index": 0,
            "enable_resource_name_dns_a_record_on_launch": false,
            "enable_resource_name_dns_aaaa_record_on_launch": false,
            "filter": null,
            "id": "subnet-072133be56d108565",
            "ipv6_cidr_block": "",
            "ipv6_cidr_block_association_id": "",
            "ipv6_native": false,
            "map_customer_owned_ip_on_launch": false,
            "map_public_ip_on_launch": true,
            "outpost_arn": "",
            "owner_id": "862848730948",
            "private_dns_hostname_type_on_launch": "ip-name",
            "region": "us-east-1",
            "state": "available",
            "tags": {},
            "timeouts": null,
            "vpc_id": "vpc-03bb02b89d47a7571"
          },
          "sensitive_attributes": []
        },
        {
          "index_key": "subnet-08a5004d9a45d33ea",
          "schema_version": 0,
          "attributes": {
            "arn": "arn:aws:ec2:us-east-1:862848730948:subnet/subnet-08a5004d9a45d33ea",
            "assign_ipv6_address_on_creation": false,
            "availability_zone": "us-east-1f",
            "availability_zone_id": "use1-az5",
            "available_ip_address_count": 4091,
            "cidr_block": "172.31.64.0/20",
            "customer_owned_ipv4_pool": "",
            "default_for_az": true,
            "enable_dns64": false,
            "enable_lni_at_device_index": 0,
            "enable_resource_name_dns_a_record_on_launch": false,
            "enable_resource_name_dns_aaaa_record_on_launch": false,
            "filter": null,
            "id": "subnet-08a5004d9a45d33ea",
            "ipv6_cidr_block": "",
            "ipv6_cidr_block_association_id": "",
            "ipv6_native": false,
            "map_customer_owned_ip_on_launch": false,
            "map_public_ip_on_launch": true,
            "outpost_arn": "",
            "owner_id": "862848730948",
            "private_dns_hostname_type_on_launch": "ip-name",
            "region": "us-east-1",
            "state": "available",
            "tags": {},
            "timeouts": null,
            "vpc_id": "vpc-03bb02b89d47a7571"
          },
          "sensitive_attributes": []
        },
        {
          "index_key": "subnet-0af4f2dee9dc8d1aa",
          "schema_version": 0,
          "attributes": {
            "arn": "arn:aws:ec2:us-east-1:862848730948:subnet/subnet-0af4f2dee9dc8d1aa",
            "assign_ipv6_address_on_creation": false,
            "availability_zone": "us-east-1d",
            "availability_zone_id": "use1-az2",
            "available_ip_address_count": 4090,
            "cidr_block": "172.31.80.0/20",
            "customer_owned_ipv4_pool": "",
            "default_for_az": true,
            "enable_dns64": false,
            "enable_lni_at_device_index": 0,
            "enable_resource_name_dns_a_record_on_launch": false,
            "enable_resource_name_dns_aaaa_record_on_launch": false,
            "filter": null,
            "id": "subnet-0af4f2dee9dc8d1aa",
            "ipv6_cidr_block": "",
            "ipv6_cidr_block_association_id": "",
            "ipv6_native": false,
            "map_customer_owned_ip_on_launch": false,
            "map_public_ip_on_launch": true,
            "outpost_arn": "",
            "owner_id": "862848730948",
            "private_dns_hostname_type_on_launch": "ip-name",
            "region": "us-east-1",
            "state": "available",
            "tags": {},
            "timeouts": null,
            "vpc_id": "vpc-03bb02b89d47a7571"
          },
          "sensitive_attributes": []
        },
        {
          "index_key": "subnet-0afc9b5dea2290f0a",
          "schema_version": 0,
          "attributes": {
            "arn": "arn:aws:ec2:us-east-1:862848730948:subnet/subnet-0afc9b5dea2290f0a",
            "assign_ipv6_address_on_creation": false,
            "availability_zone": "us-east-1b",
            "availability_zone_id": "use1-az6",
            "available_ip_address_count": 4091,
            "cidr_block": "172.31.32.0/20",
            "customer_owned_ipv4_pool": "",
            "default_for_az": true,
            "enable_dns64": false,
            "enable_lni_at_device_index": 0,
            "enable_resource_name_dns_a_record_on_launch": false,
            "enable_resource_name_dns_aaaa_record_on_launch": false,
            "filter": null,
            "id": "subnet-0afc9b5dea2290f0a",
            "ipv6_cidr_block": "",
            "ipv6_cidr_block_association_id": "",
            "ipv6_native": false,
            "map_customer_owned_ip_on_launch": false,
            "map_public_ip_on_launch": true,
            "outpost_arn": "",
            "owner_id": "862848730948",
            "private_dns_hostname_type_on_launch": "ip-name",
            "region": "us-east-1",
            "state": "available",
            "tags": {},
            "timeouts": null,
            "vpc_id": "vpc-03bb02b89d47a7571"
          },
          "sensitive_attributes": []
        },
        {
          "index_key": "subnet-0f19879ea495b6728",
          "schema_version": 0,
          "attributes": {
            "arn": "arn:aws:ec2:us-east-1:862848730948:subnet/subnet-0f19879ea495b6728",
            "assign_ipv6_address_on_creation": false,
            "availability_zone": "us-east-1c",
            "availability_zone_id": "use1-az1",
            "available_ip_address_count": 4091,
            "cidr_block": "172.31.0.0/20",
            "customer_owned_ipv4_pool": "",
            "default_for_az": true,
            "enable_dns64": false,
            "enable_lni_at_device_index": 0,
            "enable_resource_name_dns_a_record_on_launch": false,
            "enable_resource_name_dns_aaaa_record_on_launch": false,
            "filter": null,
            "id": "subnet-0f19879ea495b6728",
            "ipv6_cidr_block": "",
            "ipv6_cidr_block_association_id": "",
            "ipv6_native": false,
            "map_customer_owned_ip_on_launch": false,
            "map_public_ip_on_launch": true,
            "outpost_arn": "",
            "owner_id": "862848730948",
            "private_dns_hostname_type_on_launch": "ip-name",
            "region": "us-east-1",
            "state": "available",
            "tags": {},
            "timeouts": null,
            "vpc_id": "vpc-03bb02b89d47a7571"
          },
          "sensitive_attributes": []
        }
      ]
    },
    {
      "mode": "data",
      "type": "aws_subnets",
      "name": "all",
      "provider": "provider[\"registry.terraform.io/hashicorp/aws\"]",
      "instances": [
        {
          "schema_version": 0,
          "attributes": {
            "filter": [
              {
                "name": "vpc-id",
                "values": [
                  "vpc-03bb02b89d47a7571"
                ]
              }
            ],
            "id": "us-east-1",
            "ids": [
              "subnet-072133be56d108565",
              "subnet-042a4e978d4a89a07",
              "subnet-08a5004d9a45d33ea",
              "subnet-0afc9b5dea2290f0a",
              "subnet-0af4f2dee9dc8d1aa",
              "subnet-0f19879ea495b6728"
            ],
            "region": "us-east-1",
            "tags": null,
            "timeouts": null
          },
          "sensitive_attributes": []
        }
      ]
    },
    {
      "mode": "data",
      "type": "aws_vpc",
      "name": "default",
      "provider": "provider[\"registry.terraform.io/hashicorp/aws\"]",
      "instances": [
        {
          "schema_version": 0,
          "attributes": {
            "arn": "arn:aws:ec2:us-east-1:862848730948:vpc/vpc-03bb02b89d47a7571",
            "cidr_block": "172.31.0.0/16",
            "cidr_block_associations": [
              {
                "association_id": "vpc-cidr-assoc-09ea736f6fbd5dcb8",
                "cidr_block": "172.31.0.0/16",
                "state": "associated"
              }
            ],
            "default": true,
            "dhcp_options_id": "dopt-044ddf76151420e9a",
            "enable_dns_hostnames": true,
            "enable_dns_support": true,
            "enable_network_address_usage_metrics": false,
            "filter": null,
            "id": "vpc-03bb02b89d47a7571",
            "instance_tenancy": "default",
            "ipv6_association_id": "",
            "ipv6_cidr_block": "",
            "main_route_table_id": "rtb-0ce70c59a6cfa0800",
            "owner_id": "862848730948",
            "region": "us-east-1",
            "state": null,
            "tags": {},
            "timeouts": null
          },
          "sensitive_attributes": []
        }
      ]
    },
    {
      "mode": "managed",
      "type": "aws_eks_cluster",
      "name": "login_eks",
      "provider": "provider[\"registry.terraform.io/hashicorp/aws\"]",
      "instances": [
        {
          "schema_version": 1,
          "attributes": {
            "access_config": [
              {
                "authentication_mode": "CONFIG_MAP",
                "bootstrap_cluster_creator_admin_permissions": true
              }
            ],
            "arn": "arn:aws:eks:us-east-1:862848730948:cluster/login-eks-cluster",
            "bootstrap_self_managed_addons": true,
            "certificate_authority": [
              {
                "data": "LS0tLS1CRUdJTiBDRVJUSUZJQ0FURS0tLS0tCk1JSURCVENDQWUyZ0F3SUJBZ0lJTmVQYUw0UUNaNmN3RFFZSktvWklodmNOQVFFTEJRQXdGVEVUTUJFR0ExVUUKQXhNS2EzVmlaWEp1WlhSbGN6QWVGdzB5TlRBM01qQXhPREk0TlRCYUZ3MHpOVEEzTVRneE9ETXpOVEJhTUJVeApFekFSQmdOVkJBTVRDbXQxWW1WeWJtVjBaWE13Z2dFaU1BMEdDU3FHU0liM0RRRUJBUVVBQTRJQkR3QXdnZ0VLCkFvSUJBUUREWGxTUXduUjJOVmN4S0h2RmFQQ0M2T1Uxck1QRmtqNUhhRGkzd3hYK2x1bkpxOXdncWJFV2VvNE4KR0VrQzcyTkNzN2p0bEpiYWtQenc1YXBZQ09LU3loREtSNEhpVGV6d2hUbjdwVEd4NHZmUHZaTmM4TE4zWEVJRgpXQkthN3dwNHJ6TTFYeTd0K3lRVkhFMmM2MXZEK2FueXpYOHpSSTMxcEdhTjV6RkhzTDgxOVRLei81VGM4dkwzCjJlWHBXY3hxUGt4QnpwWFV4YVA2TEhpZEhWQ0RzamkyWXZXR3YyODVrYndvTmZvZ1dHOFpoWGlSWmN4VVNzOTAKMXhVOEZueG1La0J6M2FOaHdyTWxlUTdLVmVaK1FDdms2RDBubzVTaE96dTUwazlNcUVOMmdTZlAvZHRqbU5kNApzbTRrOVp0SHMvcG50bHpzZWtmemFSbXFYeUV2QWdNQkFBR2pXVEJYTUE0R0ExVWREd0VCL3dRRUF3SUNwREFQCkJnTlZIUk1CQWY4RUJUQURBUUgvTUIwR0ExVWREZ1FXQkJReElvR2Fpa0pMc2VsYlV6VUh3c2NnTGV3eGNEQVYKQmdOVkhSRUVEakFNZ2dwcmRXSmxjbTVsZEdWek1BMEdDU3FHU0liM0RRRUJDd1VBQTRJQkFRQjdKSy9sTWJkNgptSk1nV0JWdHRvY0JNbm1YUG1wc0JUZitPNnZ0MDJuL0hacFNiNnNtSWxFdHVKNzlhUHlHQ2RUajY0R0pXbXJEClkvU3ZidGFBb2V6d29vK3c5MS9QZC9nQ3pmZGFNV3M3dW5PcEJ5c1M1aVZCbGdMNzE0WUcwQlFubDh2aUIxakoKVCtBYmd5dStPRXpXRjdFZU1uL2JTOTdNbmc5cHk4QmI3R0RCWXY1ZnkxanJ2UFcxd1ptdTNtQW9PZWYxanQrUApPbkRtL2dvNmJ2NlJrTXNwdVBnTlM5Y05ObzhndTI3ZHdpODNETmRjMnp3RVg0ZHdvYmtNWlNTRkxTbVJQMmYvCkJVM3pVZXo0ZUZ5Mlh5WmQvTWRabHVRV1BsNFQwOXI0OHpybEY3TDF2eWJQUmIwNjM5M2hPYU5KRVdOU2pDNWcKRmFwdUxwN1U5WkM4Ci0tLS0tRU5EIENFUlRJRklDQVRFLS0tLS0K"
              }
            ],
            "cluster_id": null,
            "compute_config": [],
            "created_at": "2025-07-20T18:29:33Z",
            "enabled_cluster_log_types": null,
            "encryption_config": [],
            "endpoint": "https://4324CB7C1A7BDC7CF41BC618F1222945.gr7.us-east-1.eks.amazonaws.com",
            "force_update_version": null,
            "id": "login-eks-cluster",
            "identity": [
              {
                "oidc": [
                  {
                    "issuer": "https://oidc.eks.us-east-1.amazonaws.com/id/4324CB7C1A7BDC7CF41BC618F1222945"
                  }
                ]
              }
            ],
            "kubernetes_network_config": [
              {
                "elastic_load_balancing": [
                  {
                    "enabled": false
                  }
                ],
                "ip_family": "ipv4",
                "service_ipv4_cidr": "10.100.0.0/16",
                "service_ipv6_cidr": ""
              }
            ],
            "name": "login-eks-cluster",
            "outpost_config": [],
            "platform_version": "eks.6",
            "region": "us-east-1",
            "remote_network_config": [],
            "role_arn": "arn:aws:iam::862848730948:role/eks-cluster-role",
            "status": "ACTIVE",
            "storage_config": [],
            "tags": null,
            "tags_all": {},
            "timeouts": null,
            "upgrade_policy": [
              {
                "support_type": "EXTENDED"
              }
            ],
            "version": "1.33",
            "vpc_config": [
              {
                "cluster_security_group_id": "sg-0bd5950b7bd632555",
                "endpoint_private_access": false,
                "endpoint_public_access": true,
                "public_access_cidrs": [
                  "0.0.0.0/0"
                ],
                "security_group_ids": null,
                "subnet_ids": [
                  "subnet-072133be56d108565",
                  "subnet-0afc9b5dea2290f0a"
                ],
                "vpc_id": "vpc-03bb02b89d47a7571"
              }
            ],
            "zonal_shift_config": []
          },
          "sensitive_attributes": [],
          "private": "eyJlMmJmYjczMC1lY2FhLTExZTYtOGY4OC0zNDM2M2JjN2M0YzAiOnsiY3JlYXRlIjoxODAwMDAwMDAwMDAwLCJkZWxldGUiOjkwMDAwMDAwMDAwMCwidXBkYXRlIjozNjAwMDAwMDAwMDAwfSwic2NoZW1hX3ZlcnNpb24iOiIxIn0=",
          "dependencies": [
            "aws_iam_role.eks_cluster_role",
            "aws_iam_role_policy_attachment.eks_cluster_policy",
            "data.aws_subnet.subnet_details",
            "data.aws_subnets.all",
            "data.aws_vpc.default"
          ]
        }
      ]
    },
    {
      "mode": "managed",
      "type": "aws_iam_role",
      "name": "eks_cluster_role",
      "provider": "provider[\"registry.terraform.io/hashicorp/aws\"]",
      "instances": [
        {
          "schema_version": 0,
          "attributes": {
            "arn": "arn:aws:iam::862848730948:role/eks-cluster-role",
            "assume_role_policy": "{\"Statement\":[{\"Action\":\"sts:AssumeRole\",\"Effect\":\"Allow\",\"Principal\":{\"Service\":\"eks.amazonaws.com\"}}],\"Version\":\"2012-10-17\"}",
            "create_date": "2025-07-20T18:29:29Z",
            "description": "",
            "force_detach_policies": false,
            "id": "eks-cluster-role",
            "inline_policy": [],
            "managed_policy_arns": [],
            "max_session_duration": 3600,
            "name": "eks-cluster-role",
            "name_prefix": "",
            "path": "/",
            "permissions_boundary": "",
            "tags": null,
            "tags_all": {},
            "unique_id": "AROA4RZOKY5CDKU3JOSMA"
          },
          "sensitive_attributes": [],
          "private": "bnVsbA=="
        }
      ]
    },
    {
      "mode": "managed",
      "type": "aws_iam_role_policy_attachment",
      "name": "eks_cluster_policy",
      "provider": "provider[\"registry.terraform.io/hashicorp/aws\"]",
      "instances": [
        {
          "schema_version": 0,
          "attributes": {
            "id": "eks-cluster-role/arn:aws:iam::aws:policy/AmazonEKSClusterPolicy",
            "policy_arn": "arn:aws:iam::aws:policy/AmazonEKSClusterPolicy",
            "role": "eks-cluster-role"
          },
          "sensitive_attributes": [],
          "private": "bnVsbA==",
          "dependencies": [
            "aws_iam_role.eks_cluster_role"
          ]
        }
      ]
    }
  ],
  "check_results": null
}
